
Microsoft Visual Studio Solution File, Format Version 12.00
# Visual Studio 2013
VisualStudioVersion = 12.0.21005.1
MinimumVisualStudioVersion = 10.0.40219.1
Project("{FAE04EC0-301F-11D3-BF4B-00C04F79EFBC}") = "Using Fine Uploader", "Using Fine Uploader\Using Fine Uploader.csproj", "{91089C63-49D4-4356-BA30-0193CBB0A03D}"
EndProject
Project("{2150E333-8FDC-42A3-9474-1A3956D46DE8}") = ".nuget", ".nuget", "{589F7887-AFF3-4310-BC5D-1084C15E378B}"
	ProjectSection(SolutionItems) = preProject
		.nuget\NuGet.Config = .nuget\NuGet.Config
		.nuget\NuGet.exe = .nuget\NuGet.exe
		.nuget\NuGet.targets = .nuget\NuGet.targets
	EndProjectSection
EndProject
Project("{CC5FD16D-436D-48AD-A40C-5A424C6E3E79}") = "Using Fine Uploader Azure", "Using Fine Uploader Azure\Using Fine Uploader Azure.ccproj", "{1D6BE29F-3167-4989-9600-1308634A5C43}"
EndProject
Global
	GlobalSection(SolutionConfigurationPlatforms) = preSolution
		Debug|Any CPU = Debug|Any CPU
		Release|Any CPU = Release|Any CPU
	EndGlobalSection
	GlobalSection(ProjectConfigurationPlatforms) = postSolution
		{91089C63-49D4-4356-BA30-0193CBB0A03D}.Debug|Any CPU.ActiveCfg = Debug|Any CPU
		{91089C63-49D4-4356-BA30-0193CBB0A03D}.Debug|Any CPU.Build.0 = Debug|Any CPU
		{91089C63-49D4-4356-BA30-0193CBB0A03D}.Release|Any CPU.ActiveCfg = Release|Any CPU
		{91089C63-49D4-4356-BA30-0193CBB0A03D}.Release|Any CPU.Build.0 = Release|Any CPU
		{1D6BE29F-3167-4989-9600-1308634A5C43}.Debug|Any CPU.ActiveCfg = Debug|Any CPU
		{1D6BE29F-3167-4989-9600-1308634A5C43}.Debug|Any CPU.Build.0 = Debug|Any CPU
		{1D6BE29F-3167-4989-9600-1308634A5C43}.Release|Any CPU.ActiveCfg = Release|Any CPU
		{1D6BE29F-3167-4989-9600-1308634A5C43}.Release|Any CPU.Build.0 = Release|Any CPU
	EndGlobalSection
	GlobalSection(SolutionProperties) = preSolution
		HideSolutionNode = FALSE
	EndGlobalSection
EndGlobal
